<?xml version="1.0" encoding="utf-8"?>
<Project xmlns="http://schemas.microsoft.com/developer/msbuild/2003">
  <ItemGroup>
    <Filter Include="Source Files">
      <UniqueIdentifier>{4FC737F1-C7A5-4376-A066-2A32D752A2FF}</UniqueIdentifier>
      <Extensions>cpp;c;cxx;def;odl;idl;hpj;bat;asm;asmx</Extensions>
    </Filter>
    <Filter Include="Source Files">
      <UniqueIdentifier>{4FC737F1-C7A5-4376-A066-2A32D752A2FF}</UniqueIdentifier>
      <Extensions>cpp;c;cxx;def;odl;idl;hpj;bat;asm;asmx</Extensions>
    </Filter>
  </ItemGroup>
  <ItemGroup>
    <ClCompile Include="Src\a2af.cpp">
      <Filter>Source Files</Filter>
    </ClCompile>
    <ClCompile Include="Src\a2tf.cpp">
      <Filter>Source Files</Filter>
    </ClCompile>
    <ClCompile Include="Src\ab.cpp">
      <Filter>Source Files</Filter>
    </ClCompile>
    <ClCompile Include="Src\af2a.cpp">
      <Filter>Source Files</Filter>
    </ClCompile>
    <ClCompile Include="Src\anp.cpp">
      <Filter>Source Files</Filter>
    </ClCompile>
    <ClCompile Include="Src\anpm.cpp">
      <Filter>Source Files</Filter>
    </ClCompile>
    <ClCompile Include="Src\apcg.cpp">
      <Filter>Source Files</Filter>
    </ClCompile>
    <ClCompile Include="Src\apcg13.cpp">
      <Filter>Source Files</Filter>
    </ClCompile>
    <ClCompile Include="Src\apci.cpp">
      <Filter>Source Files</Filter>
    </ClCompile>
    <ClCompile Include="Src\apci13.cpp">
      <Filter>Source Files</Filter>
    </ClCompile>
    <ClCompile Include="Src\apco.cpp">
      <Filter>Source Files</Filter>
    </ClCompile>
    <ClCompile Include="Src\apco13.cpp">
      <Filter>Source Files</Filter>
    </ClCompile>
    <ClCompile Include="Src\apcs.cpp">
      <Filter>Source Files</Filter>
    </ClCompile>
    <ClCompile Include="Src\apcs13.cpp">
      <Filter>Source Files</Filter>
    </ClCompile>
    <ClCompile Include="Src\aper.cpp">
      <Filter>Source Files</Filter>
    </ClCompile>
    <ClCompile Include="Src\aper13.cpp">
      <Filter>Source Files</Filter>
    </ClCompile>
    <ClCompile Include="Src\apio.cpp">
      <Filter>Source Files</Filter>
    </ClCompile>
    <ClCompile Include="Src\apio13.cpp">
      <Filter>Source Files</Filter>
    </ClCompile>
    <ClCompile Include="Src\atci13.cpp">
      <Filter>Source Files</Filter>
    </ClCompile>
    <ClCompile Include="Src\atciq.cpp">
      <Filter>Source Files</Filter>
    </ClCompile>
    <ClCompile Include="Src\atciqn.cpp">
      <Filter>Source Files</Filter>
    </ClCompile>
    <ClCompile Include="Src\atciqz.cpp">
      <Filter>Source Files</Filter>
    </ClCompile>
    <ClCompile Include="Src\atco13.cpp">
      <Filter>Source Files</Filter>
    </ClCompile>
    <ClCompile Include="Src\atic13.cpp">
      <Filter>Source Files</Filter>
    </ClCompile>
    <ClCompile Include="Src\aticq.cpp">
      <Filter>Source Files</Filter>
    </ClCompile>
    <ClCompile Include="Src\aticqn.cpp">
      <Filter>Source Files</Filter>
    </ClCompile>
    <ClCompile Include="Src\atio13.cpp">
      <Filter>Source Files</Filter>
    </ClCompile>
    <ClCompile Include="Src\atioq.cpp">
      <Filter>Source Files</Filter>
    </ClCompile>
    <ClCompile Include="Src\atoc13.cpp">
      <Filter>Source Files</Filter>
    </ClCompile>
    <ClCompile Include="Src\atoi13.cpp">
      <Filter>Source Files</Filter>
    </ClCompile>
    <ClCompile Include="Src\atoiq.cpp">
      <Filter>Source Files</Filter>
    </ClCompile>
    <ClCompile Include="Src\bi00.cpp">
      <Filter>Source Files</Filter>
    </ClCompile>
    <ClCompile Include="Src\bp00.cpp">
      <Filter>Source Files</Filter>
    </ClCompile>
    <ClCompile Include="Src\bp06.cpp">
      <Filter>Source Files</Filter>
    </ClCompile>
    <ClCompile Include="Src\bpn2xy.cpp">
      <Filter>Source Files</Filter>
    </ClCompile>
    <ClCompile Include="Src\c2i00a.cpp">
      <Filter>Source Files</Filter>
    </ClCompile>
    <ClCompile Include="Src\c2i00b.cpp">
      <Filter>Source Files</Filter>
    </ClCompile>
    <ClCompile Include="Src\c2i06a.cpp">
      <Filter>Source Files</Filter>
    </ClCompile>
    <ClCompile Include="Src\c2ibpn.cpp">
      <Filter>Source Files</Filter>
    </ClCompile>
    <ClCompile Include="Src\c2ixy.cpp">
      <Filter>Source Files</Filter>
    </ClCompile>
    <ClCompile Include="Src\c2ixys.cpp">
      <Filter>Source Files</Filter>
    </ClCompile>
    <ClCompile Include="Src\c2s.cpp">
      <Filter>Source Files</Filter>
    </ClCompile>
    <ClCompile Include="Src\c2t00a.cpp">
      <Filter>Source Files</Filter>
    </ClCompile>
    <ClCompile Include="Src\c2t00b.cpp">
      <Filter>Source Files</Filter>
    </ClCompile>
    <ClCompile Include="Src\c2t06a.cpp">
      <Filter>Source Files</Filter>
    </ClCompile>
    <ClCompile Include="Src\c2tcio.cpp">
      <Filter>Source Files</Filter>
    </ClCompile>
    <ClCompile Include="Src\c2teqx.cpp">
      <Filter>Source Files</Filter>
    </ClCompile>
    <ClCompile Include="Src\c2tpe.cpp">
      <Filter>Source Files</Filter>
    </ClCompile>
    <ClCompile Include="Src\c2txy.cpp">
      <Filter>Source Files</Filter>
    </ClCompile>
    <ClCompile Include="Src\cal2jd.cpp">
      <Filter>Source Files</Filter>
    </ClCompile>
    <ClCompile Include="Src\cp.cpp">
      <Filter>Source Files</Filter>
    </ClCompile>
    <ClCompile Include="Src\cpv.cpp">
      <Filter>Source Files</Filter>
    </ClCompile>
    <ClCompile Include="Src\cr.cpp">
      <Filter>Source Files</Filter>
    </ClCompile>
    <ClCompile Include="Src\d2dtf.cpp">
      <Filter>Source Files</Filter>
    </ClCompile>
    <ClCompile Include="Src\d2tf.cpp">
      <Filter>Source Files</Filter>
    </ClCompile>
    <ClCompile Include="Src\dat.cpp">
      <Filter>Source Files</Filter>
    </ClCompile>
    <ClCompile Include="Src\dtdb.cpp">
      <Filter>Source Files</Filter>
    </ClCompile>
    <ClCompile Include="Src\dtf2d.cpp">
      <Filter>Source Files</Filter>
    </ClCompile>
    <ClCompile Include="Src\eceq06.cpp">
      <Filter>Source Files</Filter>
    </ClCompile>
    <ClCompile Include="Src\ecm06.cpp">
      <Filter>Source Files</Filter>
    </ClCompile>
    <ClCompile Include="Src\ee00.cpp">
      <Filter>Source Files</Filter>
    </ClCompile>
    <ClCompile Include="Src\ee00a.cpp">
      <Filter>Source Files</Filter>
    </ClCompile>
    <ClCompile Include="Src\ee00b.cpp">
      <Filter>Source Files</Filter>
    </ClCompile>
    <ClCompile Include="Src\ee06a.cpp">
      <Filter>Source Files</Filter>
    </ClCompile>
    <ClCompile Include="Src\eect00.cpp">
      <Filter>Source Files</Filter>
    </ClCompile>
    <ClCompile Include="Src\eform.cpp">
      <Filter>Source Files</Filter>
    </ClCompile>
    <ClCompile Include="Src\eo06a.cpp">
      <Filter>Source Files</Filter>
    </ClCompile>
    <ClCompile Include="Src\eors.cpp">
      <Filter>Source Files</Filter>
    </ClCompile>
    <ClCompile Include="Src\epb.cpp">
      <Filter>Source Files</Filter>
    </ClCompile>
    <ClCompile Include="Src\epb2jd.cpp">
      <Filter>Source Files</Filter>
    </ClCompile>
    <ClCompile Include="Src\epj.cpp">
      <Filter>Source Files</Filter>
    </ClCompile>
    <ClCompile Include="Src\epj2jd.cpp">
      <Filter>Source Files</Filter>
    </ClCompile>
    <ClCompile Include="Src\epv00.cpp">
      <Filter>Source Files</Filter>
    </ClCompile>
    <ClCompile Include="Src\eqec06.cpp">
      <Filter>Source Files</Filter>
    </ClCompile>
    <ClCompile Include="Src\eqeq94.cpp">
      <Filter>Source Files</Filter>
    </ClCompile>
    <ClCompile Include="Src\era00.cpp">
      <Filter>Source Files</Filter>
    </ClCompile>
    <ClCompile Include="Src\fad03.cpp">
      <Filter>Source Files</Filter>
    </ClCompile>
    <ClCompile Include="Src\fae03.cpp">
      <Filter>Source Files</Filter>
    </ClCompile>
    <ClCompile Include="Src\faf03.cpp">
      <Filter>Source Files</Filter>
    </ClCompile>
    <ClCompile Include="Src\faju03.cpp">
      <Filter>Source Files</Filter>
    </ClCompile>
    <ClCompile Include="Src\fal03.cpp">
      <Filter>Source Files</Filter>
    </ClCompile>
    <ClCompile Include="Src\falp03.cpp">
      <Filter>Source Files</Filter>
    </ClCompile>
    <ClCompile Include="Src\fama03.cpp">
      <Filter>Source Files</Filter>
    </ClCompile>
    <ClCompile Include="Src\fame03.cpp">
      <Filter>Source Files</Filter>
    </ClCompile>
    <ClCompile Include="Src\fane03.cpp">
      <Filter>Source Files</Filter>
    </ClCompile>
    <ClCompile Include="Src\faom03.cpp">
      <Filter>Source Files</Filter>
    </ClCompile>
    <ClCompile Include="Src\fapa03.cpp">
      <Filter>Source Files</Filter>
    </ClCompile>
    <ClCompile Include="Src\fasa03.cpp">
      <Filter>Source Files</Filter>
    </ClCompile>
    <ClCompile Include="Src\faur03.cpp">
      <Filter>Source Files</Filter>
    </ClCompile>
    <ClCompile Include="Src\fave03.cpp">
      <Filter>Source Files</Filter>
    </ClCompile>
    <ClCompile Include="Src\fk52h.cpp">
      <Filter>Source Files</Filter>
    </ClCompile>
    <ClCompile Include="Src\fk5hip.cpp">
      <Filter>Source Files</Filter>
    </ClCompile>
    <ClCompile Include="Src\fk5hz.cpp">
      <Filter>Source Files</Filter>
    </ClCompile>
    <ClCompile Include="Src\fw2m.cpp">
      <Filter>Source Files</Filter>
    </ClCompile>
    <ClCompile Include="Src\fw2xy.cpp">
      <Filter>Source Files</Filter>
    </ClCompile>
    <ClCompile Include="Src\g2icrs.cpp">
      <Filter>Source Files</Filter>
    </ClCompile>
    <ClCompile Include="Src\gc2gd.cpp">
      <Filter>Source Files</Filter>
    </ClCompile>
    <ClCompile Include="Src\gc2gde.cpp">
      <Filter>Source Files</Filter>
    </ClCompile>
    <ClCompile Include="Src\gd2gc.cpp">
      <Filter>Source Files</Filter>
    </ClCompile>
    <ClCompile Include="Src\gd2gce.cpp">
      <Filter>Source Files</Filter>
    </ClCompile>
    <ClCompile Include="Src\gmst00.cpp">
      <Filter>Source Files</Filter>
    </ClCompile>
    <ClCompile Include="Src\gmst06.cpp">
      <Filter>Source Files</Filter>
    </ClCompile>
    <ClCompile Include="Src\gmst82.cpp">
      <Filter>Source Files</Filter>
    </ClCompile>
    <ClCompile Include="Src\gst00a.cpp">
      <Filter>Source Files</Filter>
    </ClCompile>
    <ClCompile Include="Src\gst00b.cpp">
      <Filter>Source Files</Filter>
    </ClCompile>
    <ClCompile Include="Src\gst06.cpp">
      <Filter>Source Files</Filter>
    </ClCompile>
    <ClCompile Include="Src\gst06a.cpp">
      <Filter>Source Files</Filter>
    </ClCompile>
    <ClCompile Include="Src\gst94.cpp">
      <Filter>Source Files</Filter>
    </ClCompile>
    <ClCompile Include="Src\h2fk5.cpp">
      <Filter>Source Files</Filter>
    </ClCompile>
    <ClCompile Include="Src\hfk5z.cpp">
      <Filter>Source Files</Filter>
    </ClCompile>
    <ClCompile Include="Src\icrs2g.cpp">
      <Filter>Source Files</Filter>
    </ClCompile>
    <ClCompile Include="Src\ir.cpp">
      <Filter>Source Files</Filter>
    </ClCompile>
    <ClCompile Include="Src\jd2cal.cpp">
      <Filter>Source Files</Filter>
    </ClCompile>
    <ClCompile Include="Src\jdcalf.cpp">
      <Filter>Source Files</Filter>
    </ClCompile>
    <ClCompile Include="Src\ld.cpp">
      <Filter>Source Files</Filter>
    </ClCompile>
    <ClCompile Include="Src\ldn.cpp">
      <Filter>Source Files</Filter>
    </ClCompile>
    <ClCompile Include="Src\ldsun.cpp">
      <Filter>Source Files</Filter>
    </ClCompile>
    <ClCompile Include="Src\lteceq.cpp">
      <Filter>Source Files</Filter>
    </ClCompile>
    <ClCompile Include="Src\ltecm.cpp">
      <Filter>Source Files</Filter>
    </ClCompile>
    <ClCompile Include="Src\lteqec.cpp">
      <Filter>Source Files</Filter>
    </ClCompile>
    <ClCompile Include="Src\ltp.cpp">
      <Filter>Source Files</Filter>
    </ClCompile>
    <ClCompile Include="Src\ltpb.cpp">
      <Filter>Source Files</Filter>
    </ClCompile>
    <ClCompile Include="Src\ltpecl.cpp">
      <Filter>Source Files</Filter>
    </ClCompile>
    <ClCompile Include="Src\ltpequ.cpp">
      <Filter>Source Files</Filter>
    </ClCompile>
    <ClCompile Include="Src\num00a.cpp">
      <Filter>Source Files</Filter>
    </ClCompile>
    <ClCompile Include="Src\num00b.cpp">
      <Filter>Source Files</Filter>
    </ClCompile>
    <ClCompile Include="Src\num06a.cpp">
      <Filter>Source Files</Filter>
    </ClCompile>
    <ClCompile Include="Src\numat.cpp">
      <Filter>Source Files</Filter>
    </ClCompile>
    <ClCompile Include="Src\nut00a.cpp">
      <Filter>Source Files</Filter>
    </ClCompile>
    <ClCompile Include="Src\nut00b.cpp">
      <Filter>Source Files</Filter>
    </ClCompile>
    <ClCompile Include="Src\nut06a.cpp">
      <Filter>Source Files</Filter>
    </ClCompile>
    <ClCompile Include="Src\nut80.cpp">
      <Filter>Source Files</Filter>
    </ClCompile>
    <ClCompile Include="Src\nutm80.cpp">
      <Filter>Source Files</Filter>
    </ClCompile>
    <ClCompile Include="Src\obl06.cpp">
      <Filter>Source Files</Filter>
    </ClCompile>
    <ClCompile Include="Src\obl80.cpp">
      <Filter>Source Files</Filter>
    </ClCompile>
    <ClCompile Include="Src\p06e.cpp">
      <Filter>Source Files</Filter>
    </ClCompile>
    <ClCompile Include="Src\p2pv.cpp">
      <Filter>Source Files</Filter>
    </ClCompile>
    <ClCompile Include="Src\p2s.cpp">
      <Filter>Source Files</Filter>
    </ClCompile>
    <ClCompile Include="Src\pap.cpp">
      <Filter>Source Files</Filter>
    </ClCompile>
    <ClCompile Include="Src\pas.cpp">
      <Filter>Source Files</Filter>
    </ClCompile>
    <ClCompile Include="Src\pb06.cpp">
      <Filter>Source Files</Filter>
    </ClCompile>
    <ClCompile Include="Src\pdp.cpp">
      <Filter>Source Files</Filter>
    </ClCompile>
    <ClCompile Include="Src\pfw06.cpp">
      <Filter>Source Files</Filter>
    </ClCompile>
    <ClCompile Include="Src\plan94.cpp">
      <Filter>Source Files</Filter>
    </ClCompile>
    <ClCompile Include="Src\pm.cpp">
      <Filter>Source Files</Filter>
    </ClCompile>
    <ClCompile Include="Src\pmat00.cpp">
      <Filter>Source Files</Filter>
    </ClCompile>
    <ClCompile Include="Src\pmat06.cpp">
      <Filter>Source Files</Filter>
    </ClCompile>
    <ClCompile Include="Src\pmat76.cpp">
      <Filter>Source Files</Filter>
    </ClCompile>
    <ClCompile Include="Src\pmp.cpp">
      <Filter>Source Files</Filter>
    </ClCompile>
    <ClCompile Include="Src\pmpx.cpp">
      <Filter>Source Files</Filter>
    </ClCompile>
    <ClCompile Include="Src\pmsafe.cpp">
      <Filter>Source Files</Filter>
    </ClCompile>
    <ClCompile Include="Src\pn.cpp">
      <Filter>Source Files</Filter>
    </ClCompile>
    <ClCompile Include="Src\pn00.cpp">
      <Filter>Source Files</Filter>
    </ClCompile>
    <ClCompile Include="Src\pn00a.cpp">
      <Filter>Source Files</Filter>
    </ClCompile>
    <ClCompile Include="Src\pn00b.cpp">
      <Filter>Source Files</Filter>
    </ClCompile>
    <ClCompile Include="Src\pn06.cpp">
      <Filter>Source Files</Filter>
    </ClCompile>
    <ClCompile Include="Src\pn06a.cpp">
      <Filter>Source Files</Filter>
    </ClCompile>
    <ClCompile Include="Src\pnm00a.cpp">
      <Filter>Source Files</Filter>
    </ClCompile>
    <ClCompile Include="Src\pnm00b.cpp">
      <Filter>Source Files</Filter>
    </ClCompile>
    <ClCompile Include="Src\pnm06a.cpp">
      <Filter>Source Files</Filter>
    </ClCompile>
    <ClCompile Include="Src\pnm80.cpp">
      <Filter>Source Files</Filter>
    </ClCompile>
    <ClCompile Include="Src\pom00.cpp">
      <Filter>Source Files</Filter>
    </ClCompile>
    <ClCompile Include="Src\ppp.cpp">
      <Filter>Source Files</Filter>
    </ClCompile>
    <ClCompile Include="Src\ppsp.cpp">
      <Filter>Source Files</Filter>
    </ClCompile>
    <ClCompile Include="Src\pr00.cpp">
      <Filter>Source Files</Filter>
    </ClCompile>
    <ClCompile Include="Src\prec76.cpp">
      <Filter>Source Files</Filter>
    </ClCompile>
    <ClCompile Include="Src\pv2p.cpp">
      <Filter>Source Files</Filter>
    </ClCompile>
    <ClCompile Include="Src\pv2s.cpp">
      <Filter>Source Files</Filter>
    </ClCompile>
    <ClCompile Include="Src\pvdpv.cpp">
      <Filter>Source Files</Filter>
    </ClCompile>
    <ClCompile Include="Src\pvm.cpp">
      <Filter>Source Files</Filter>
    </ClCompile>
    <ClCompile Include="Src\pvmpv.cpp">
      <Filter>Source Files</Filter>
    </ClCompile>
    <ClCompile Include="Src\pvppv.cpp">
      <Filter>Source Files</Filter>
    </ClCompile>
    <ClCompile Include="Src\pvstar.cpp">
      <Filter>Source Files</Filter>
    </ClCompile>
    <ClCompile Include="Src\pvtob.cpp">
      <Filter>Source Files</Filter>
    </ClCompile>
    <ClCompile Include="Src\pvu.cpp">
      <Filter>Source Files</Filter>
    </ClCompile>
    <ClCompile Include="Src\pvup.cpp">
      <Filter>Source Files</Filter>
    </ClCompile>
    <ClCompile Include="Src\pvxpv.cpp">
      <Filter>Source Files</Filter>
    </ClCompile>
    <ClCompile Include="Src\pxp.cpp">
      <Filter>Source Files</Filter>
    </ClCompile>
    <ClCompile Include="Src\refco.cpp">
      <Filter>Source Files</Filter>
    </ClCompile>
    <ClCompile Include="Src\rm2v.cpp">
      <Filter>Source Files</Filter>
    </ClCompile>
    <ClCompile Include="Src\rv2m.cpp">
      <Filter>Source Files</Filter>
    </ClCompile>
    <ClCompile Include="Src\rx.cpp">
      <Filter>Source Files</Filter>
    </ClCompile>
    <ClCompile Include="Src\rxp.cpp">
      <Filter>Source Files</Filter>
    </ClCompile>
    <ClCompile Include="Src\rxpv.cpp">
      <Filter>Source Files</Filter>
    </ClCompile>
    <ClCompile Include="Src\rxr.cpp">
      <Filter>Source Files</Filter>
    </ClCompile>
    <ClCompile Include="Src\ry.cpp">
      <Filter>Source Files</Filter>
    </ClCompile>
    <ClCompile Include="Src\rz.cpp">
      <Filter>Source Files</Filter>
    </ClCompile>
    <ClCompile Include="Src\s00.cpp">
      <Filter>Source Files</Filter>
    </ClCompile>
    <ClCompile Include="Src\s00a.cpp">
      <Filter>Source Files</Filter>
    </ClCompile>
    <ClCompile Include="Src\s00b.cpp">
      <Filter>Source Files</Filter>
    </ClCompile>
    <ClCompile Include="Src\s06.cpp">
      <Filter>Source Files</Filter>
    </ClCompile>
    <ClCompile Include="Src\s06a.cpp">
      <Filter>Source Files</Filter>
    </ClCompile>
    <ClCompile Include="Src\s2c.cpp">
      <Filter>Source Files</Filter>
    </ClCompile>
    <ClCompile Include="Src\s2p.cpp">
      <Filter>Source Files</Filter>
    </ClCompile>
    <ClCompile Include="Src\s2pv.cpp">
      <Filter>Source Files</Filter>
    </ClCompile>
    <ClCompile Include="Src\s2xpv.cpp">
      <Filter>Source Files</Filter>
    </ClCompile>
    <ClCompile Include="Src\sepp.cpp">
      <Filter>Source Files</Filter>
    </ClCompile>
    <ClCompile Include="Src\seps.cpp">
      <Filter>Source Files</Filter>
    </ClCompile>
    <ClCompile Include="Src\sp00.cpp">
      <Filter>Source Files</Filter>
    </ClCompile>
    <ClCompile Include="Src\starpm.cpp">
      <Filter>Source Files</Filter>
    </ClCompile>
    <ClCompile Include="Src\starpv.cpp">
      <Filter>Source Files</Filter>
    </ClCompile>
    <ClCompile Include="Src\sxp.cpp">
      <Filter>Source Files</Filter>
    </ClCompile>
    <ClCompile Include="Src\sxpv.cpp">
      <Filter>Source Files</Filter>
    </ClCompile>
    <ClCompile Include="Src\taitt.cpp">
      <Filter>Source Files</Filter>
    </ClCompile>
    <ClCompile Include="Src\taiut1.cpp">
      <Filter>Source Files</Filter>
    </ClCompile>
    <ClCompile Include="Src\taiutc.cpp">
      <Filter>Source Files</Filter>
    </ClCompile>
    <ClCompile Include="Src\tcbtdb.cpp">
      <Filter>Source Files</Filter>
    </ClCompile>
    <ClCompile Include="Src\tcgtt.cpp">
      <Filter>Source Files</Filter>
    </ClCompile>
    <ClCompile Include="Src\tdbtcb.cpp">
      <Filter>Source Files</Filter>
    </ClCompile>
    <ClCompile Include="Src\tdbtt.cpp">
      <Filter>Source Files</Filter>
    </ClCompile>
    <ClCompile Include="Src\tf2a.cpp">
      <Filter>Source Files</Filter>
    </ClCompile>
    <ClCompile Include="Src\tf2d.cpp">
      <Filter>Source Files</Filter>
    </ClCompile>
    <ClCompile Include="Src\tr.cpp">
      <Filter>Source Files</Filter>
    </ClCompile>
    <ClCompile Include="Src\trxp.cpp">
      <Filter>Source Files</Filter>
    </ClCompile>
    <ClCompile Include="Src\trxpv.cpp">
      <Filter>Source Files</Filter>
    </ClCompile>
    <ClCompile Include="Src\tttai.cpp">
      <Filter>Source Files</Filter>
    </ClCompile>
    <ClCompile Include="Src\tttcg.cpp">
      <Filter>Source Files</Filter>
    </ClCompile>
    <ClCompile Include="Src\tttdb.cpp">
      <Filter>Source Files</Filter>
    </ClCompile>
    <ClCompile Include="Src\ttut1.cpp">
      <Filter>Source Files</Filter>
    </ClCompile>
    <ClCompile Include="Src\ut1tai.cpp">
      <Filter>Source Files</Filter>
    </ClCompile>
    <ClCompile Include="Src\ut1tt.cpp">
      <Filter>Source Files</Filter>
    </ClCompile>
    <ClCompile Include="Src\ut1utc.cpp">
      <Filter>Source Files</Filter>
    </ClCompile>
    <ClCompile Include="Src\utctai.cpp">
      <Filter>Source Files</Filter>
    </ClCompile>
    <ClCompile Include="Src\utcut1.cpp">
      <Filter>Source Files</Filter>
    </ClCompile>
    <ClCompile Include="Src\xy06.cpp">
      <Filter>Source Files</Filter>
    </ClCompile>
    <ClCompile Include="Src\xys00a.cpp">
      <Filter>Source Files</Filter>
    </ClCompile>
    <ClCompile Include="Src\xys00b.cpp">
      <Filter>Source Files</Filter>
    </ClCompile>
    <ClCompile Include="Src\xys06a.cpp">
      <Filter>Source Files</Filter>
    </ClCompile>
    <ClCompile Include="Src\zp.cpp">
      <Filter>Source Files</Filter>
    </ClCompile>
    <ClCompile Include="Src\zpv.cpp">
      <Filter>Source Files</Filter>
    </ClCompile>
    <ClCompile Include="Src\zr.cpp">
      <Filter>Source Files</Filter>
    </ClCompile>
  </ItemGroup>
  <ItemGroup>
    <ResourceCompile Include="Src\Sofa_Version.rc" />
  </ItemGroup>
</Project>